
Microsoft Visual Studio Solution File, Format Version 12.00
# Visual Studio 15
VisualStudioVersion = 15.0.35116.124
MinimumVisualStudioVersion = 10.0.40219.1
Project("{FAE04EC0-301F-11D3-BF4B-00C04F79EFBC}") = "PTB2", "PTB2\PTB2.csproj", "{341B1B0F-935F-4644-A1B1-367C3F362A9B}"
EndProject
Global
	GlobalSection(SolutionConfigurationPlatforms) = preSolution
		Debug|Any CPU = Debug|Any CPU
		Release|Any CPU = Release|Any CPU
	EndGlobalSection
	GlobalSection(ProjectConfigurationPlatforms) = postSolution
		{341B1B0F-935F-4644-A1B1-367C3F362A9B}.Debug|Any CPU.ActiveCfg = Debug|Any CPU
		{341B1B0F-935F-4644-A1B1-367C3F362A9B}.Debug|Any CPU.Build.0 = Debug|Any CPU
		{341B1B0F-935F-4644-A1B1-367C3F362A9B}.Release|Any CPU.ActiveCfg = Release|Any CPU
		{341B1B0F-935F-4644-A1B1-367C3F362A9B}.Release|Any CPU.Build.0 = Release|Any CPU
	EndGlobalSection
	GlobalSection(SolutionProperties) = preSolution
		HideSolutionNode = FALSE
	EndGlobalSection
	GlobalSection(ExtensibilityGlobals) = postSolution
		SolutionGuid = {FE55C38B-BC71-4041-AD46-35B7CEDC6C0D}
	EndGlobalSection
EndGlobal
